
Microsoft Visual Studio Solution File, Format Version 12.00
# Visual Studio Version 16
VisualStudioVersion = 16.0.33529.622
MinimumVisualStudioVersion = 10.0.40219.1
Project("{FAE04EC0-301F-11D3-BF4B-00C04F79EFBC}") = "CW_v3", "CW_v3\CW_v3.csproj", "{47180D19-EA5E-45E6-8D7F-FC3E6B29D474}"
EndProject
Global
	GlobalSection(SolutionConfigurationPlatforms) = preSolution
		Debug|Any CPU = Debug|Any CPU
		Release|Any CPU = Release|Any CPU
	EndGlobalSection
	GlobalSection(ProjectConfigurationPlatforms) = postSolution
		{47180D19-EA5E-45E6-8D7F-FC3E6B29D474}.Debug|Any CPU.ActiveCfg = Debug|Any CPU
		{47180D19-EA5E-45E6-8D7F-FC3E6B29D474}.Debug|Any CPU.Build.0 = Debug|Any CPU
		{47180D19-EA5E-45E6-8D7F-FC3E6B29D474}.Release|Any CPU.ActiveCfg = Release|Any CPU
		{47180D19-EA5E-45E6-8D7F-FC3E6B29D474}.Release|Any CPU.Build.0 = Release|Any CPU
	EndGlobalSection
	GlobalSection(SolutionProperties) = preSolution
		HideSolutionNode = FALSE
	EndGlobalSection
	GlobalSection(ExtensibilityGlobals) = postSolution
		SolutionGuid = {95CCC1E9-7024-4B92-905B-3B2E5FA42A53}
	EndGlobalSection
EndGlobal
